
Microsoft Visual Studio Solution File, Format Version 12.00
# Visual Studio 15
VisualStudioVersion = 15.0.27703.2042
MinimumVisualStudioVersion = 10.0.40219.1
Project("{FAE04EC0-301F-11D3-BF4B-00C04F79EFBC}") = "StickFightTheGameTrainer", "StickFightTheGameTrainer\StickFightTheGameTrainer.csproj", "{DF5FBDC6-605F-47E8-B1DA-2166B40CE65B}"
EndProject
Global
	GlobalSection(SolutionConfigurationPlatforms) = preSolution
		Debug|Any CPU = Debug|Any CPU
		Release|Any CPU = Release|Any CPU
	EndGlobalSection
	GlobalSection(ProjectConfigurationPlatforms) = postSolution
		{DF5FBDC6-605F-47E8-B1DA-2166B40CE65B}.Debug|Any CPU.ActiveCfg = Debug|Any CPU
		{DF5FBDC6-605F-47E8-B1DA-2166B40CE65B}.Debug|Any CPU.Build.0 = Debug|Any CPU
		{DF5FBDC6-605F-47E8-B1DA-2166B40CE65B}.Release|Any CPU.ActiveCfg = Release|Any CPU
		{DF5FBDC6-605F-47E8-B1DA-2166B40CE65B}.Release|Any CPU.Build.0 = Release|Any CPU
	EndGlobalSection
	GlobalSection(SolutionProperties) = preSolution
		HideSolutionNode = FALSE
	EndGlobalSection
	GlobalSection(ExtensibilityGlobals) = postSolution
		SolutionGuid = {04F60140-A0DC-4545-A4C7-2A59397867D4}
	EndGlobalSection
EndGlobal
